
Microsoft Visual Studio Solution File, Format Version 12.00
# Visual Studio 2012
Project("{FAE04EC0-301F-11D3-BF4B-00C04F79EFBC}") = "DominoPark", "DominoPark\DominoPark.csproj", "{62F86302-E0F6-40C8-BD7D-7041B209495A}"
EndProject
Global
	GlobalSection(TeamFoundationVersionControl) = preSolution
		SccNumberOfProjects = 2
		SccEnterpriseProvider = {4CA58AB2-18FA-4F8D-95D4-32DDF27D184C}
		SccTeamFoundationServer = https://daviddwyer.visualstudio.com/defaultcollection
		SccLocalPath0 = .
		SccProjectUniqueName1 = DominoPark\\DominoPark.csproj
		SccProjectName1 = DominoPark
		SccLocalPath1 = DominoPark
	EndGlobalSection
	GlobalSection(SolutionConfigurationPlatforms) = preSolution
		Debug|Any CPU = Debug|Any CPU
		Release|Any CPU = Release|Any CPU
	EndGlobalSection
	GlobalSection(ProjectConfigurationPlatforms) = postSolution
		{62F86302-E0F6-40C8-BD7D-7041B209495A}.Debug|Any CPU.ActiveCfg = Debug|Any CPU
		{62F86302-E0F6-40C8-BD7D-7041B209495A}.Debug|Any CPU.Build.0 = Debug|Any CPU
		{62F86302-E0F6-40C8-BD7D-7041B209495A}.Release|Any CPU.ActiveCfg = Release|Any CPU
		{62F86302-E0F6-40C8-BD7D-7041B209495A}.Release|Any CPU.Build.0 = Release|Any CPU
	EndGlobalSection
	GlobalSection(SolutionProperties) = preSolution
		HideSolutionNode = FALSE
	EndGlobalSection
EndGlobal
